
Microsoft Visual Studio Solution File, Format Version 12.00
# Visual Studio Version 17
VisualStudioVersion = 17.1.32407.343
MinimumVisualStudioVersion = 10.0.40219.1
Project("{9A19103F-16F7-4668-BE54-9A1E7A4F7556}") = "TP1-ORM", "TP1-ORM\TP1-ORM.csproj", "{F944B07F-93CA-4D02-9408-CC326AF37CC0}"
EndProject
Project("{9A19103F-16F7-4668-BE54-9A1E7A4F7556}") = "Presentation", "Connection\Presentation.csproj", "{A2EE0431-DC74-4529-AB28-3C519DD7C52B}"
EndProject
Project("{9A19103F-16F7-4668-BE54-9A1E7A4F7556}") = "AccesData", "ConnectionDataBase\AccesData.csproj", "{D9EEE3AC-CEF9-4963-BCF9-7C20F09C468C}"
EndProject
Project("{9A19103F-16F7-4668-BE54-9A1E7A4F7556}") = "Domain", "Data\Domain.csproj", "{4079391D-984D-4E97-B800-10D6BFA571DD}"
EndProject
Project("{FAE04EC0-301F-11D3-BF4B-00C04F79EFBC}") = "Application", "Application\Application.csproj", "{77AB0253-2719-440D-9498-FDEB35D5CAE9}"
EndProject
Global
	GlobalSection(SolutionConfigurationPlatforms) = preSolution
		Debug|Any CPU = Debug|Any CPU
		Release|Any CPU = Release|Any CPU
	EndGlobalSection
	GlobalSection(ProjectConfigurationPlatforms) = postSolution
		{F944B07F-93CA-4D02-9408-CC326AF37CC0}.Debug|Any CPU.ActiveCfg = Debug|Any CPU
		{F944B07F-93CA-4D02-9408-CC326AF37CC0}.Debug|Any CPU.Build.0 = Debug|Any CPU
		{F944B07F-93CA-4D02-9408-CC326AF37CC0}.Release|Any CPU.ActiveCfg = Release|Any CPU
		{F944B07F-93CA-4D02-9408-CC326AF37CC0}.Release|Any CPU.Build.0 = Release|Any CPU
		{A2EE0431-DC74-4529-AB28-3C519DD7C52B}.Debug|Any CPU.ActiveCfg = Debug|Any CPU
		{A2EE0431-DC74-4529-AB28-3C519DD7C52B}.Debug|Any CPU.Build.0 = Debug|Any CPU
		{A2EE0431-DC74-4529-AB28-3C519DD7C52B}.Release|Any CPU.ActiveCfg = Release|Any CPU
		{A2EE0431-DC74-4529-AB28-3C519DD7C52B}.Release|Any CPU.Build.0 = Release|Any CPU
		{D9EEE3AC-CEF9-4963-BCF9-7C20F09C468C}.Debug|Any CPU.ActiveCfg = Debug|Any CPU
		{D9EEE3AC-CEF9-4963-BCF9-7C20F09C468C}.Debug|Any CPU.Build.0 = Debug|Any CPU
		{D9EEE3AC-CEF9-4963-BCF9-7C20F09C468C}.Release|Any CPU.ActiveCfg = Release|Any CPU
		{D9EEE3AC-CEF9-4963-BCF9-7C20F09C468C}.Release|Any CPU.Build.0 = Release|Any CPU
		{4079391D-984D-4E97-B800-10D6BFA571DD}.Debug|Any CPU.ActiveCfg = Debug|Any CPU
		{4079391D-984D-4E97-B800-10D6BFA571DD}.Debug|Any CPU.Build.0 = Debug|Any CPU
		{4079391D-984D-4E97-B800-10D6BFA571DD}.Release|Any CPU.ActiveCfg = Release|Any CPU
		{4079391D-984D-4E97-B800-10D6BFA571DD}.Release|Any CPU.Build.0 = Release|Any CPU
		{77AB0253-2719-440D-9498-FDEB35D5CAE9}.Debug|Any CPU.ActiveCfg = Debug|Any CPU
		{77AB0253-2719-440D-9498-FDEB35D5CAE9}.Debug|Any CPU.Build.0 = Debug|Any CPU
		{77AB0253-2719-440D-9498-FDEB35D5CAE9}.Release|Any CPU.ActiveCfg = Release|Any CPU
		{77AB0253-2719-440D-9498-FDEB35D5CAE9}.Release|Any CPU.Build.0 = Release|Any CPU
	EndGlobalSection
	GlobalSection(SolutionProperties) = preSolution
		HideSolutionNode = FALSE
	EndGlobalSection
	GlobalSection(ExtensibilityGlobals) = postSolution
		SolutionGuid = {53CD9FAB-B8C7-4999-8BC3-79F6E10EFC4D}
	EndGlobalSection
EndGlobal
